PODS:
  - Alamofire (5.9.0)
  - SnapKit (5.7.1)

DEPENDENCIES:
  - Alamofire
  - SnapKit

SPEC REPOS:
  trunk:
    - Alamofire
    - SnapKit

SPEC CHECKSUMS:
  Alamofire: 02b772c9910e8eba1a079227c32fbd9e46c90a24
  SnapKit: d612e99e678a2d3b95bf60b0705ed0a35c03484a

PODFILE CHECKSUM: 65e99e28a95a74d4d87793cad2d543e2c0be82c9

COCOAPODS: 1.15.2
